
Microsoft Visual Studio Solution File, Format Version 12.00
# Visual Studio 15
VisualStudioVersion = 15.0.28307.421
MinimumVisualStudioVersion = 10.0.40219.1
Project("{FAE04EC0-301F-11D3-BF4B-00C04F79EFBC}") = "buildpractice", "buildpractice\buildpractice.csproj", "{0630D585-277C-4DEB-94E0-FAC4EE2F961E}"
EndProject
Global
	GlobalSection(SolutionConfigurationPlatforms) = preSolution
		Debug|Any CPU = Debug|Any CPU
		Release|Any CPU = Release|Any CPU
	EndGlobalSection
	GlobalSection(ProjectConfigurationPlatforms) = postSolution
		{0630D585-277C-4DEB-94E0-FAC4EE2F961E}.Debug|Any CPU.ActiveCfg = Debug|Any CPU
		{0630D585-277C-4DEB-94E0-FAC4EE2F961E}.Debug|Any CPU.Build.0 = Debug|Any CPU
		{0630D585-277C-4DEB-94E0-FAC4EE2F961E}.Release|Any CPU.ActiveCfg = Release|Any CPU
		{0630D585-277C-4DEB-94E0-FAC4EE2F961E}.Release|Any CPU.Build.0 = Release|Any CPU
	EndGlobalSection
	GlobalSection(SolutionProperties) = preSolution
		HideSolutionNode = FALSE
	EndGlobalSection
	GlobalSection(ExtensibilityGlobals) = postSolution
		SolutionGuid = {3409E1FD-E8ED-41D3-9BA2-5BBF08B9EE22}
	EndGlobalSection
EndGlobal
